
Microsoft Visual Studio Solution File, Format Version 12.00
# Visual Studio Version 17
VisualStudioVersion = 17.0.32014.148
MinimumVisualStudioVersion = 10.0.40219.1
Project("{FAE04EC0-301F-11D3-BF4B-00C04F79EFBC}") = "Hamidreza Kavousi", "Hamidreza Kavousi.csproj", "{C7349ECC-6504-4988-B7DF-8F32503AF1AB}"
EndProject
Global
	GlobalSection(SolutionConfigurationPlatforms) = preSolution
		Debug|Any CPU = Debug|Any CPU
		Release|Any CPU = Release|Any CPU
	EndGlobalSection
	GlobalSection(ProjectConfigurationPlatforms) = postSolution
		{C7349ECC-6504-4988-B7DF-8F32503AF1AB}.Debug|Any CPU.ActiveCfg = Debug|Any CPU
		{C7349ECC-6504-4988-B7DF-8F32503AF1AB}.Debug|Any CPU.Build.0 = Debug|Any CPU
		{C7349ECC-6504-4988-B7DF-8F32503AF1AB}.Release|Any CPU.ActiveCfg = Release|Any CPU
		{C7349ECC-6504-4988-B7DF-8F32503AF1AB}.Release|Any CPU.Build.0 = Release|Any CPU
	EndGlobalSection
	GlobalSection(SolutionProperties) = preSolution
		HideSolutionNode = FALSE
	EndGlobalSection
	GlobalSection(ExtensibilityGlobals) = postSolution
		SolutionGuid = {1FB62883-DA48-4DF6-B6E4-63169F3A09C4}
	EndGlobalSection
EndGlobal
